
Microsoft Visual Studio Solution File, Format Version 12.00
# Visual Studio Version 16
VisualStudioVersion = 16.0.31911.196
MinimumVisualStudioVersion = 10.0.40219.1
Project("{9A19103F-16F7-4668-BE54-9A1E7A4F7556}") = "IPTreatmentService", "Treatment\IPTreatmentService.csproj", "{61E10A9A-143B-4C94-9880-1C1E5ADD489F}"
EndProject
Global
	GlobalSection(SolutionConfigurationPlatforms) = preSolution
		Debug|Any CPU = Debug|Any CPU
		Release|Any CPU = Release|Any CPU
	EndGlobalSection
	GlobalSection(ProjectConfigurationPlatforms) = postSolution
		{61E10A9A-143B-4C94-9880-1C1E5ADD489F}.Debug|Any CPU.ActiveCfg = Debug|Any CPU
		{61E10A9A-143B-4C94-9880-1C1E5ADD489F}.Debug|Any CPU.Build.0 = Debug|Any CPU
		{61E10A9A-143B-4C94-9880-1C1E5ADD489F}.Release|Any CPU.ActiveCfg = Release|Any CPU
		{61E10A9A-143B-4C94-9880-1C1E5ADD489F}.Release|Any CPU.Build.0 = Release|Any CPU
	EndGlobalSection
	GlobalSection(SolutionProperties) = preSolution
		HideSolutionNode = FALSE
	EndGlobalSection
	GlobalSection(ExtensibilityGlobals) = postSolution
		SolutionGuid = {DA172363-C80D-45B1-9EF1-59D0EE0279A8}
	EndGlobalSection
EndGlobal
