
Microsoft Visual Studio Solution File, Format Version 12.00
# Visual Studio Version 16
VisualStudioVersion = 16.0.32126.315
MinimumVisualStudioVersion = 10.0.40219.1
Project("{FAE04EC0-301F-11D3-BF4B-00C04F79EFBC}") = "InsuranceClaimService", "InsuranceClaimService\InsuranceClaimService.csproj", "{B077D401-F5A0-4D3E-AEBB-2AE3398A9563}"
EndProject
Global
	GlobalSection(SolutionConfigurationPlatforms) = preSolution
		Debug|Any CPU = Debug|Any CPU
		Release|Any CPU = Release|Any CPU
	EndGlobalSection
	GlobalSection(ProjectConfigurationPlatforms) = postSolution
		{B077D401-F5A0-4D3E-AEBB-2AE3398A9563}.Debug|Any CPU.ActiveCfg = Debug|Any CPU
		{B077D401-F5A0-4D3E-AEBB-2AE3398A9563}.Debug|Any CPU.Build.0 = Debug|Any CPU
		{B077D401-F5A0-4D3E-AEBB-2AE3398A9563}.Release|Any CPU.ActiveCfg = Release|Any CPU
		{B077D401-F5A0-4D3E-AEBB-2AE3398A9563}.Release|Any CPU.Build.0 = Release|Any CPU
	EndGlobalSection
	GlobalSection(SolutionProperties) = preSolution
		HideSolutionNode = FALSE
	EndGlobalSection
	GlobalSection(ExtensibilityGlobals) = postSolution
		SolutionGuid = {650EC438-157D-40A1-A4A3-B2C595AD37E5}
	EndGlobalSection
EndGlobal
