
Microsoft Visual Studio Solution File, Format Version 12.00
# Visual Studio Version 16
VisualStudioVersion = 16.0.32002.261
MinimumVisualStudioVersion = 10.0.40219.1
Project("{FAE04EC0-301F-11D3-BF4B-00C04F79EFBC}") = "IpTreatmentOffering", "IpTreatmentOffering.csproj", "{52546E95-5A4C-4431-8AE0-7213C9FC1355}"
EndProject
Global
	GlobalSection(SolutionConfigurationPlatforms) = preSolution
		Debug|Any CPU = Debug|Any CPU
		Release|Any CPU = Release|Any CPU
	EndGlobalSection
	GlobalSection(ProjectConfigurationPlatforms) = postSolution
		{52546E95-5A4C-4431-8AE0-7213C9FC1355}.Debug|Any CPU.ActiveCfg = Debug|Any CPU
		{52546E95-5A4C-4431-8AE0-7213C9FC1355}.Debug|Any CPU.Build.0 = Debug|Any CPU
		{52546E95-5A4C-4431-8AE0-7213C9FC1355}.Release|Any CPU.ActiveCfg = Release|Any CPU
		{52546E95-5A4C-4431-8AE0-7213C9FC1355}.Release|Any CPU.Build.0 = Release|Any CPU
	EndGlobalSection
	GlobalSection(SolutionProperties) = preSolution
		HideSolutionNode = FALSE
	EndGlobalSection
	GlobalSection(ExtensibilityGlobals) = postSolution
		SolutionGuid = {2638CB6C-8CA2-40E7-8D1F-377BCAF33D2A}
	EndGlobalSection
EndGlobal
